{
	"name": "shelf-er",
	"lockfileVersion": 2,
	"requires": true,
	"packages": {
		"": {
			"hasInstallScript": true,
			"dependencies": {
				"use-context": "^0.0.1",
				"use-reducer": "^0.0.1"
			}
		},
		"node_modules/use-context": {
			"version": "0.0.1",
			"resolved": "https://registry.npmjs.org/use-context/-/use-context-0.0.1.tgz",
			"integrity": "sha512-E3UlFYcr4IFCEs8RfoHCV9TD+PWJrray212or/u0646wfUELO53lWv/0qA6rQY6hDk8/L0Gv7+UOGKjJxYzApQ=="
		},
		"node_modules/use-reducer": {
			"version": "0.0.1",
			"resolved": "https://registry.npmjs.org/use-reducer/-/use-reducer-0.0.1.tgz",
			"integrity": "sha512-lqxll7X4IrLo7AFbm9kVHEkAPOGo+UkXWm1607HR2ZTRshAr8f2zlqS8wpZtmaA+Y7hO/UmA6lOc2lkTFtJGEQ=="
		}
	},
	"dependencies": {
		"use-context": {
			"version": "0.0.1",
			"resolved": "https://registry.npmjs.org/use-context/-/use-context-0.0.1.tgz",
			"integrity": "sha512-E3UlFYcr4IFCEs8RfoHCV9TD+PWJrray212or/u0646wfUELO53lWv/0qA6rQY6hDk8/L0Gv7+UOGKjJxYzApQ=="
		},
		"use-reducer": {
			"version": "0.0.1",
			"resolved": "https://registry.npmjs.org/use-reducer/-/use-reducer-0.0.1.tgz",
			"integrity": "sha512-lqxll7X4IrLo7AFbm9kVHEkAPOGo+UkXWm1607HR2ZTRshAr8f2zlqS8wpZtmaA+Y7hO/UmA6lOc2lkTFtJGEQ=="
		}
	}
}
